
Microsoft Visual Studio Solution File, Format Version 12.00
# Visual Studio Version 17
VisualStudioVersion = 17.3.32929.385
MinimumVisualStudioVersion = 10.0.40219.1
Project("{FAE04EC0-301F-11D3-BF4B-00C04F79EFBC}") = "csharp-banca-oop", "csharp-banca-oop.csproj", "{14DAF93C-99AD-4BC2-8682-397D752E197D}"
EndProject
Global
	GlobalSection(SolutionConfigurationPlatforms) = preSolution
		Debug|Any CPU = Debug|Any CPU
		Release|Any CPU = Release|Any CPU
	EndGlobalSection
	GlobalSection(ProjectConfigurationPlatforms) = postSolution
		{14DAF93C-99AD-4BC2-8682-397D752E197D}.Debug|Any CPU.ActiveCfg = Debug|Any CPU
		{14DAF93C-99AD-4BC2-8682-397D752E197D}.Debug|Any CPU.Build.0 = Debug|Any CPU
		{14DAF93C-99AD-4BC2-8682-397D752E197D}.Release|Any CPU.ActiveCfg = Release|Any CPU
		{14DAF93C-99AD-4BC2-8682-397D752E197D}.Release|Any CPU.Build.0 = Release|Any CPU
	EndGlobalSection
	GlobalSection(SolutionProperties) = preSolution
		HideSolutionNode = FALSE
	EndGlobalSection
	GlobalSection(ExtensibilityGlobals) = postSolution
		SolutionGuid = {D0BB733B-6B47-40C3-A2E1-02E61166913B}
	EndGlobalSection
EndGlobal
